
Microsoft Visual Studio Solution File, Format Version 12.00
# Visual Studio Version 16
VisualStudioVersion = 25.0.1706.12
MinimumVisualStudioVersion = 10.0.40219.1
Project("{FAE04EC0-301F-11D3-BF4B-00C04F79EFBC}") = "Sample", "Sample\Sample.csproj", "{5D74D652-FFA7-4724-B867-8053C23CEBDC}"
EndProject
Global
	GlobalSection(SolutionConfigurationPlatforms) = preSolution
		Debug|Any CPU = Debug|Any CPU
		Release|Any CPU = Release|Any CPU
	EndGlobalSection
	GlobalSection(ProjectConfigurationPlatforms) = postSolution
		{5D74D652-FFA7-4724-B867-8053C23CEBDC}.Debug|Any CPU.ActiveCfg = Debug|Any CPU
		{5D74D652-FFA7-4724-B867-8053C23CEBDC}.Debug|Any CPU.Build.0 = Debug|Any CPU
		{5D74D652-FFA7-4724-B867-8053C23CEBDC}.Release|Any CPU.ActiveCfg = Release|Any CPU
		{5D74D652-FFA7-4724-B867-8053C23CEBDC}.Release|Any CPU.Build.0 = Release|Any CPU
	EndGlobalSection
	GlobalSection(SolutionProperties) = preSolution
		HideSolutionNode = FALSE
	EndGlobalSection
	GlobalSection(ExtensibilityGlobals) = postSolution
		SolutionGuid = {9A724E6A-4F3E-4222-B492-55EB7CB55477}
	EndGlobalSection
EndGlobal
